
Microsoft Visual Studio Solution File, Format Version 12.00
# Visual Studio Version 17
VisualStudioVersion = 17.10.34916.146
MinimumVisualStudioVersion = 10.0.40219.1
Project("{FAE04EC0-301F-11D3-BF4B-00C04F79EFBC}") = "AICommerceHub.Web", "AICommerceHub.Web\AICommerceHub.Web.csproj", "{4E9AD55F-A847-43CF-B248-6EC3F8F86E07}"
EndProject
Project("{FAE04EC0-301F-11D3-BF4B-00C04F79EFBC}") = "AICommerceHub.Data", "AICommerceHub.Data\AICommerceHub.Data.csproj", "{CA69EC80-1D74-4E6F-8D2B-57835127C596}"
EndProject
Project("{FAE04EC0-301F-11D3-BF4B-00C04F79EFBC}") = "AICommerceHub.Domain", "AICommerceHub.Domain\AICommerceHub.Domain.csproj", "{79EFBE88-C622-4F8F-9B16-5960EF330874}"
EndProject
Global
	GlobalSection(SolutionConfigurationPlatforms) = preSolution
		Debug|Any CPU = Debug|Any CPU
		Release|Any CPU = Release|Any CPU
	EndGlobalSection
	GlobalSection(ProjectConfigurationPlatforms) = postSolution
		{4E9AD55F-A847-43CF-B248-6EC3F8F86E07}.Debug|Any CPU.ActiveCfg = Debug|Any CPU
		{4E9AD55F-A847-43CF-B248-6EC3F8F86E07}.Debug|Any CPU.Build.0 = Debug|Any CPU
		{4E9AD55F-A847-43CF-B248-6EC3F8F86E07}.Release|Any CPU.ActiveCfg = Release|Any CPU
		{4E9AD55F-A847-43CF-B248-6EC3F8F86E07}.Release|Any CPU.Build.0 = Release|Any CPU
		{CA69EC80-1D74-4E6F-8D2B-57835127C596}.Debug|Any CPU.ActiveCfg = Debug|Any CPU
		{CA69EC80-1D74-4E6F-8D2B-57835127C596}.Debug|Any CPU.Build.0 = Debug|Any CPU
		{CA69EC80-1D74-4E6F-8D2B-57835127C596}.Release|Any CPU.ActiveCfg = Release|Any CPU
		{CA69EC80-1D74-4E6F-8D2B-57835127C596}.Release|Any CPU.Build.0 = Release|Any CPU
		{79EFBE88-C622-4F8F-9B16-5960EF330874}.Debug|Any CPU.ActiveCfg = Debug|Any CPU
		{79EFBE88-C622-4F8F-9B16-5960EF330874}.Debug|Any CPU.Build.0 = Debug|Any CPU
		{79EFBE88-C622-4F8F-9B16-5960EF330874}.Release|Any CPU.ActiveCfg = Release|Any CPU
		{79EFBE88-C622-4F8F-9B16-5960EF330874}.Release|Any CPU.Build.0 = Release|Any CPU
	EndGlobalSection
	GlobalSection(SolutionProperties) = preSolution
		HideSolutionNode = FALSE
	EndGlobalSection
	GlobalSection(ExtensibilityGlobals) = postSolution
		SolutionGuid = {8AC0C156-3EC8-4946-B74F-BC8A030334C6}
	EndGlobalSection
EndGlobal
